// !$*UTF8*$!
{
	archiveVersion = 1;
	classes = {
	};
	objectVersion = 50;
	objects = {

/* Begin PBXBuildFile section */
		7F7D1BA6210F4ABE00244EB7 /* AppDelegate.swift in Sources */ = {isa = PBXBuildFile; fileRef = 7F7D1BA5210F4ABE00244EB7 /* AppDelegate.swift */; };
		7F7D1BA8210F4ABE00244EB7 /* ViewController.swift in Sources */ = {isa = PBXBuildFile; fileRef = 7F7D1BA7210F4ABE00244EB7 /* ViewController.swift */; };
		7F7D1BAB210F4ABE00244EB7 /* Main.storyboard in Resources */ = {isa = PBXBuildFile; fileRef = 7F7D1BA9210F4ABE00244EB7 /* Main.storyboard */; };
		7F7D1BAD210F4ABF00244EB7 /* Assets.xcassets in Resources */ = {isa = PBXBuildFile; fileRef = 7F7D1BAC210F4ABF00244EB7 /* Assets.xcassets */; };
		7F7D1BB0210F4ABF00244EB7 /* LaunchScreen.storyboard in Resources */ = {isa = PBXBuildFile; fileRef = 7F7D1BAE210F4ABF00244EB7 /* LaunchScreen.storyboard */; };
		7F7D1BBB210F4ABF00244EB7 /* SampleDesignPatternsTests.swift in Sources */ = {isa = PBXBuildFile; fileRef = 7F7D1BBA210F4ABF00244EB7 /* SampleDesignPatternsTests.swift */; };
		7F7D1BC6210F4ABF00244EB7 /* SampleDesignPatternsUITests.swift in Sources */ = {isa = PBXBuildFile; fileRef = 7F7D1BC5210F4ABF00244EB7 /* SampleDesignPatternsUITests.swift */; };
		7F7D1BD5210F4B5200244EB7 /* Creational Patten.rtf in Resources */ = {isa = PBXBuildFile; fileRef = 7F7D1BD4210F4B5200244EB7 /* Creational Patten.rtf */; };
		7F7D1BD821105A8100244EB7 /* ExampleSingleton.swift in Sources */ = {isa = PBXBuildFile; fileRef = 7F7D1BD721105A8100244EB7 /* ExampleSingleton.swift */; };
/* End PBXBuildFile section */

/* Begin PBXContainerItemProxy section */
		7F7D1BB7210F4ABF00244EB7 /* PBXContainerItemProxy */ = {
			isa = PBXContainerItemProxy;
			containerPortal = 7F7D1B9A210F4ABD00244EB7 /* Project object */;
			proxyType = 1;
			remoteGlobalIDString = 7F7D1BA1210F4ABE00244EB7;
			remoteInfo = SampleDesignPatterns;
		};
		7F7D1BC2210F4ABF00244EB7 /* PBXContainerItemProxy */ = {
			isa = PBXContainerItemProxy;
			containerPortal = 7F7D1B9A210F4ABD00244EB7 /* Project object */;
			proxyType = 1;
			remoteGlobalIDString = 7F7D1BA1210F4ABE00244EB7;
			remoteInfo = SampleDesignPatterns;
		};
/* End PBXContainerItemProxy section */

/* Begin PBXFileReference section */
		7F7D1BA2210F4ABE00244EB7 /* SampleDesignPatterns.app */ = {isa = PBXFileReference; explicitFileType = wrapper.application; includeInIndex = 0; path = SampleDesignPatterns.app; sourceTree = BUILT_PRODUCTS_DIR; };
		7F7D1BA5210F4ABE00244EB7 /* AppDelegate.swift */ = {isa = PBXFileReference; lastKnownFileType = sourcecode.swift; path = AppDelegate.swift; sourceTree = "<group>"; };
		7F7D1BA7210F4ABE00244EB7 /* ViewController.swift */ = {isa = PBXFileReference; lastKnownFileType = sourcecode.swift; path = ViewController.swift; sourceTree = "<group>"; };
		7F7D1BAA210F4ABE00244EB7 /* Base */ = {isa = PBXFileReference; lastKnownFileType = file.storyboard; name = Base; path = Base.lproj/Main.storyboard; sourceTree = "<group>"; };
		7F7D1BAC210F4ABF00244EB7 /* Assets.xcassets */ = {isa = PBXFileReference; lastKnownFileType = folder.assetcatalog; path = Assets.xcassets; sourceTree = "<group>"; };
		7F7D1BAF210F4ABF00244EB7 /* Base */ = {isa = PBXFileReference; lastKnownFileType = file.storyboard; name = Base; path = Base.lproj/LaunchScreen.storyboard; sourceTree = "<group>"; };
		7F7D1BB1210F4ABF00244EB7 /* Info.plist */ = {isa = PBXFileReference; lastKnownFileType = text.plist.xml; path = Info.plist; sourceTree = "<group>"; };
		7F7D1BB6210F4ABF00244EB7 /* SampleDesignPatternsTests.xctest */ = {isa = PBXFileReference; explicitFileType = wrapper.cfbundle; includeInIndex = 0; path = SampleDesignPatternsTests.xctest; sourceTree = BUILT_PRODUCTS_DIR; };
		7F7D1BBA210F4ABF00244EB7 /* SampleDesignPatternsTests.swift */ = {isa = PBXFileReference; lastKnownFileType = sourcecode.swift; path = SampleDesignPatternsTests.swift; sourceTree = "<group>"; };
		7F7D1BBC210F4ABF00244EB7 /* Info.plist */ = {isa = PBXFileReference; lastKnownFileType = text.plist.xml; path = Info.plist; sourceTree = "<group>"; };
		7F7D1BC1210F4ABF00244EB7 /* SampleDesignPatternsUITests.xctest */ = {isa = PBXFileReference; explicitFileType = wrapper.cfbundle; includeInIndex = 0; path = SampleDesignPatternsUITests.xctest; sourceTree = BUILT_PRODUCTS_DIR; };
		7F7D1BC5210F4ABF00244EB7 /* SampleDesignPatternsUITests.swift */ = {isa = PBXFileReference; lastKnownFileType = sourcecode.swift; path = SampleDesignPatternsUITests.swift; sourceTree = "<group>"; };
		7F7D1BC7210F4ABF00244EB7 /* Info.plist */ = {isa = PBXFileReference; lastKnownFileType = text.plist.xml; path = Info.plist; sourceTree = "<group>"; };
		7F7D1BD4210F4B5200244EB7 /* Creational Patten.rtf */ = {isa = PBXFileReference; lastKnownFileType = text.rtf; path = "Creational Patten.rtf"; sourceTree = "<group>"; };
		7F7D1BD721105A8100244EB7 /* ExampleSingleton.swift */ = {isa = PBXFileReference; lastKnownFileType = sourcecode.swift; path = ExampleSingleton.swift; sourceTree = "<group>"; };
/* End PBXFileReference section */

/* Begin PBXFrameworksBuildPhase section */
		7F7D1B9F210F4ABE00244EB7 /* Frameworks */ = {
			isa = PBXFrameworksBuildPhase;
			buildActionMask = 2147483647;
			files = (
			);
			runOnlyForDeploymentPostprocessing = 0;
		};
		7F7D1BB3210F4ABF00244EB7 /* Frameworks */ = {
			isa = PBXFrameworksBuildPhase;
			buildActionMask = 2147483647;
			files = (
			);
			runOnlyForDeploymentPostprocessing = 0;
		};
		7F7D1BBE210F4ABF00244EB7 /* Frameworks */ = {
			isa = PBXFrameworksBuildPhase;
			buildActionMask = 2147483647;
			files = (
			);
			runOnlyForDeploymentPostprocessing = 0;
		};
/* End PBXFrameworksBuildPhase section */

/* Begin PBXGroup section */
		7F7D1B99210F4ABD00244EB7 = {
			isa = PBXGroup;
			children = (
				7F7D1BA4210F4ABE00244EB7 /* SampleDesignPatterns */,
				7F7D1BB9210F4ABF00244EB7 /* SampleDesignPatternsTests */,
				7F7D1BC4210F4ABF00244EB7 /* SampleDesignPatternsUITests */,
				7F7D1BA3210F4ABE00244EB7 /* Products */,
			);
			sourceTree = "<group>";
		};
		7F7D1BA3210F4ABE00244EB7 /* Products */ = {
			isa = PBXGroup;
			children = (
				7F7D1BA2210F4ABE00244EB7 /* SampleDesignPatterns.app */,
				7F7D1BB6210F4ABF00244EB7 /* SampleDesignPatternsTests.xctest */,
				7F7D1BC1210F4ABF00244EB7 /* SampleDesignPatternsUITests.xctest */,
			);
			name = Products;
			sourceTree = "<group>";
		};
		7F7D1BA4210F4ABE00244EB7 /* SampleDesignPatterns */ = {
			isa = PBXGroup;
			children = (
				7F7D1BD3210F4ADE00244EB7 /* Creational */,
				7F7D1BA5210F4ABE00244EB7 /* AppDelegate.swift */,
				7F7D1BA7210F4ABE00244EB7 /* ViewController.swift */,
				7F7D1BA9210F4ABE00244EB7 /* Main.storyboard */,
				7F7D1BAC210F4ABF00244EB7 /* Assets.xcassets */,
				7F7D1BAE210F4ABF00244EB7 /* LaunchScreen.storyboard */,
				7F7D1BB1210F4ABF00244EB7 /* Info.plist */,
			);
			path = SampleDesignPatterns;
			sourceTree = "<group>";
		};
		7F7D1BB9210F4ABF00244EB7 /* SampleDesignPatternsTests */ = {
			isa = PBXGroup;
			children = (
				7F7D1BBA210F4ABF00244EB7 /* SampleDesignPatternsTests.swift */,
				7F7D1BBC210F4ABF00244EB7 /* Info.plist */,
			);
			path = SampleDesignPatternsTests;
			sourceTree = "<group>";
		};
		7F7D1BC4210F4ABF00244EB7 /* SampleDesignPatternsUITests */ = {
			isa = PBXGroup;
			children = (
				7F7D1BC5210F4ABF00244EB7 /* SampleDesignPatternsUITests.swift */,
				7F7D1BC7210F4ABF00244EB7 /* Info.plist */,
			);
			path = SampleDesignPatternsUITests;
			sourceTree = "<group>";
		};
		7F7D1BD3210F4ADE00244EB7 /* Creational */ = {
			isa = PBXGroup;
			children = (
				7F7D1BD6210F4B5900244EB7 /* Singleton */,
				7F7D1BD4210F4B5200244EB7 /* Creational Patten.rtf */,
			);
			path = Creational;
			sourceTree = "<group>";
		};
		7F7D1BD6210F4B5900244EB7 /* Singleton */ = {
			isa = PBXGroup;
			children = (
				7F7D1BD721105A8100244EB7 /* ExampleSingleton.swift */,
			);
			path = Singleton;
			sourceTree = "<group>";
		};
/* End PBXGroup section */

/* Begin PBXNativeTarget section */
		7F7D1BA1210F4ABE00244EB7 /* SampleDesignPatterns */ = {
			isa = PBXNativeTarget;
			buildConfigurationList = 7F7D1BCA210F4ABF00244EB7 /* Build configuration list for PBXNativeTarget "SampleDesignPatterns" */;
			buildPhases = (
				7F7D1B9E210F4ABE00244EB7 /* Sources */,
				7F7D1B9F210F4ABE00244EB7 /* Frameworks */,
				7F7D1BA0210F4ABE00244EB7 /* Resources */,
			);
			buildRules = (
			);
			dependencies = (
			);
			name = SampleDesignPatterns;
			productName = SampleDesignPatterns;
			productReference = 7F7D1BA2210F4ABE00244EB7 /* SampleDesignPatterns.app */;
			productType = "com.apple.product-type.application";
		};
		7F7D1BB5210F4ABF00244EB7 /* SampleDesignPatternsTests */ = {
			isa = PBXNativeTarget;
			buildConfigurationList = 7F7D1BCD210F4ABF00244EB7 /* Build configuration list for PBXNativeTarget "SampleDesignPatternsTests" */;
			buildPhases = (
				7F7D1BB2210F4ABF00244EB7 /* Sources */,
				7F7D1BB3210F4ABF00244EB7 /* Frameworks */,
				7F7D1BB4210F4ABF00244EB7 /* Resources */,
			);
			buildRules = (
			);
			dependencies = (
				7F7D1BB8210F4ABF00244EB7 /* PBXTargetDependency */,
			);
			name = SampleDesignPatternsTests;
			productName = SampleDesignPatternsTests;
			productReference = 7F7D1BB6210F4ABF00244EB7 /* SampleDesignPatternsTests.xctest */;
			productType = "com.apple.product-type.bundle.unit-test";
		};
		7F7D1BC0210F4ABF00244EB7 /* SampleDesignPatternsUITests */ = {
			isa = PBXNativeTarget;
			buildConfigurationList = 7F7D1BD0210F4ABF00244EB7 /* Build configuration list for PBXNativeTarget "SampleDesignPatternsUITests" */;
			buildPhases = (
				7F7D1BBD210F4ABF00244EB7 /* Sources */,
				7F7D1BBE210F4ABF00244EB7 /* Frameworks */,
				7F7D1BBF210F4ABF00244EB7 /* Resources */,
			);
			buildRules = (
			);
			dependencies = (
				7F7D1BC3210F4ABF00244EB7 /* PBXTargetDependency */,
			);
			name = SampleDesignPatternsUITests;
			productName = SampleDesignPatternsUITests;
			productReference = 7F7D1BC1210F4ABF00244EB7 /* SampleDesignPatternsUITests.xctest */;
			productType = "com.apple.product-type.bundle.ui-testing";
		};
/* End PBXNativeTarget section */

/* Begin PBXProject section */
		7F7D1B9A210F4ABD00244EB7 /* Project object */ = {
			isa = PBXProject;
			attributes = {
				LastSwiftUpdateCheck = 0940;
				LastUpgradeCheck = 0940;
				ORGANIZATIONNAME = "Santhosh Nampally";
				TargetAttributes = {
					7F7D1BA1210F4ABE00244EB7 = {
						CreatedOnToolsVersion = 9.4.1;
					};
					7F7D1BB5210F4ABF00244EB7 = {
						CreatedOnToolsVersion = 9.4.1;
						TestTargetID = 7F7D1BA1210F4ABE00244EB7;
					};
					7F7D1BC0210F4ABF00244EB7 = {
						CreatedOnToolsVersion = 9.4.1;
						TestTargetID = 7F7D1BA1210F4ABE00244EB7;
					};
				};
			};
			buildConfigurationList = 7F7D1B9D210F4ABD00244EB7 /* Build configuration list for PBXProject "SampleDesignPatterns" */;
			compatibilityVersion = "Xcode 9.3";
			developmentRegion = en;
			hasScannedForEncodings = 0;
			knownRegions = (
				en,
				Base,
			);
			mainGroup = 7F7D1B99210F4ABD00244EB7;
			productRefGroup = 7F7D1BA3210F4ABE00244EB7 /* Products */;
			projectDirPath = "";
			projectRoot = "";
			targets = (
				7F7D1BA1210F4ABE00244EB7 /* SampleDesignPatterns */,
				7F7D1BB5210F4ABF00244EB7 /* SampleDesignPatternsTests */,
				7F7D1BC0210F4ABF00244EB7 /* SampleDesignPatternsUITests */,
			);
		};
/* End PBXProject section */

/* Begin PBXResourcesBuildPhase section */
		7F7D1BA0210F4ABE00244EB7 /* Resources */ = {
			isa = PBXResourcesBuildPhase;
			buildActionMask = 2147483647;
			files = (
				7F7D1BB0210F4ABF00244EB7 /* LaunchScreen.storyboard in Resources */,
				7F7D1BD5210F4B5200244EB7 /* Creational Patten.rtf in Resources */,
				7F7D1BAD210F4ABF00244EB7 /* Assets.xcassets in Resources */,
				7F7D1BAB210F4ABE00244EB7 /* Main.storyboard in Resources */,
			);
			runOnlyForDeploymentPostprocessing = 0;
		};
		7F7D1BB4210F4ABF00244EB7 /* Resources */ = {
			isa = PBXResourcesBuildPhase;
			buildActionMask = 2147483647;
			files = (
			);
			runOnlyForDeploymentPostprocessing = 0;
		};
		7F7D1BBF210F4ABF00244EB7 /* Resources */ = {
			isa = PBXResourcesBuildPhase;
			buildActionMask = 2147483647;
			files = (
			);
			runOnlyForDeploymentPostprocessing = 0;
		};
/* End PBXResourcesBuildPhase section */

/* Begin PBXSourcesBuildPhase section */
		7F7D1B9E210F4ABE00244EB7 /* Sources */ = {
			isa = PBXSourcesBuildPhase;
			buildActionMask = 2147483647;
			files = (
				7F7D1BD821105A8100244EB7 /* ExampleSingleton.swift in Sources */,
				7F7D1BA8210F4ABE00244EB7 /* ViewController.swift in Sources */,
				7F7D1BA6210F4ABE00244EB7 /* AppDelegate.swift in Sources */,
			);
			runOnlyForDeploymentPostprocessing = 0;
		};
		7F7D1BB2210F4ABF00244EB7 /* Sources */ = {
			isa = PBXSourcesBuildPhase;
			buildActionMask = 2147483647;
			files = (
				7F7D1BBB210F4ABF00244EB7 /* SampleDesignPatternsTests.swift in Sources */,
			);
			runOnlyForDeploymentPostprocessing = 0;
		};
		7F7D1BBD210F4ABF00244EB7 /* Sources */ = {
			isa = PBXSourcesBuildPhase;
			buildActionMask = 2147483647;
			files = (
				7F7D1BC6210F4ABF00244EB7 /* SampleDesignPatternsUITests.swift in Sources */,
			);
			runOnlyForDeploymentPostprocessing = 0;
		};
/* End PBXSourcesBuildPhase section */

/* Begin PBXTargetDependency section */
		7F7D1BB8210F4ABF00244EB7 /* PBXTargetDependency */ = {
			isa = PBXTargetDependency;
			target = 7F7D1BA1210F4ABE00244EB7 /* SampleDesignPatterns */;
			targetProxy = 7F7D1BB7210F4ABF00244EB7 /* PBXContainerItemProxy */;
		};
		7F7D1BC3210F4ABF00244EB7 /* PBXTargetDependency */ = {
			isa = PBXTargetDependency;
			target = 7F7D1BA1210F4ABE00244EB7 /* SampleDesignPatterns */;
			targetProxy = 7F7D1BC2210F4ABF00244EB7 /* PBXContainerItemProxy */;
		};
/* End PBXTargetDependency section */

/* Begin PBXVariantGroup section */
		7F7D1BA9210F4ABE00244EB7 /* Main.storyboard */ = {
			isa = PBXVariantGroup;
			children = (
				7F7D1BAA210F4ABE00244EB7 /* Base */,
			);
			name = Main.storyboard;
			sourceTree = "<group>";
		};
		7F7D1BAE210F4ABF00244EB7 /* LaunchScreen.storyboard */ = {
			isa = PBXVariantGroup;
			children = (
				7F7D1BAF210F4ABF00244EB7 /* Base */,
			);
			name = LaunchScreen.storyboard;
			sourceTree = "<group>";
		};
/* End PBXVariantGroup section */

/* Begin XCBuildConfiguration section */
		7F7D1BC8210F4ABF00244EB7 /* Debug */ = {
			isa = XCBuildConfiguration;
			buildSettings = {
				ALWAYS_SEARCH_USER_PATHS = NO;
				CLANG_ANALYZER_NONNULL = YES;
				CLANG_ANALYZER_NUMBER_OBJECT_CONVERSION = YES_AGGRESSIVE;
				CLANG_CXX_LANGUAGE_STANDARD = "gnu++14";
				CLANG_CXX_LIBRARY = "libc++";
				CLANG_ENABLE_MODULES = YES;
				CLANG_ENABLE_OBJC_ARC = YES;
				CLANG_ENABLE_OBJC_WEAK = YES;
				CLANG_WARN_BLOCK_CAPTURE_AUTORELEASING = YES;
				CLANG_WARN_BOOL_CONVERSION = YES;
				CLANG_WARN_COMMA = YES;
				CLANG_WARN_CONSTANT_CONVERSION = YES;
				CLANG_WARN_DEPRECATED_OBJC_IMPLEMENTATIONS = YES;
				CLANG_WARN_DIRECT_OBJC_ISA_USAGE = YES_ERROR;
				CLANG_WARN_DOCUMENTATION_COMMENTS = YES;
				CLANG_WARN_EMPTY_BODY = YES;
				CLANG_WARN_ENUM_CONVERSION = YES;
				CLANG_WARN_INFINITE_RECURSION = YES;
				CLANG_WARN_INT_CONVERSION = YES;
				CLANG_WARN_NON_LITERAL_NULL_CONVERSION = YES;
				CLANG_WARN_OBJC_IMPLICIT_RETAIN_SELF = YES;
				CLANG_WARN_OBJC_LITERAL_CONVERSION = YES;
				CLANG_WARN_OBJC_ROOT_CLASS = YES_ERROR;
				CLANG_WARN_RANGE_LOOP_ANALYSIS = YES;
				CLANG_WARN_STRICT_PROTOTYPES = YES;
				CLANG_WARN_SUSPICIOUS_MOVE = YES;
				CLANG_WARN_UNGUARDED_AVAILABILITY = YES_AGGRESSIVE;
				CLANG_WARN_UNREACHABLE_CODE = YES;
				CLANG_WARN__DUPLICATE_METHOD_MATCH = YES;
				CODE_SIGN_IDENTITY = "iPhone Developer";
				COPY_PHASE_STRIP = NO;
				DEBUG_INFORMATION_FORMAT = dwarf;
				ENABLE_STRICT_OBJC_MSGSEND = YES;
				ENABLE_TESTABILITY = YES;
				GCC_C_LANGUAGE_STANDARD = gnu11;
				GCC_DYNAMIC_NO_PIC = NO;
				GCC_NO_COMMON_BLOCKS = YES;
				GCC_OPTIMIZATION_LEVEL = 0;
				GCC_PREPROCESSOR_DEFINITIONS = (
					"DEBUG=1",
					"$(inherited)",
				);
				GCC_WARN_64_TO_32_BIT_CONVERSION = YES;
				GCC_WARN_ABOUT_RETURN_TYPE = YES_ERROR;
				GCC_WARN_UNDECLARED_SELECTOR = YES;
				GCC_WARN_UNINITIALIZED_AUTOS = YES_AGGRESSIVE;
				GCC_WARN_UNUSED_FUNCTION = YES;
				GCC_WARN_UNUSED_VARIABLE = YES;
				IPHONEOS_DEPLOYMENT_TARGET = 11.4;
				MTL_ENABLE_DEBUG_INFO = YES;
				ONLY_ACTIVE_ARCH = YES;
				SDKROOT = iphoneos;
				SWIFT_ACTIVE_COMPILATION_CONDITIONS = DEBUG;
				SWIFT_OPTIMIZATION_LEVEL = "-Onone";
			};
			name = Debug;
		};
		7F7D1BC9210F4ABF00244EB7 /* Release */ = {
			isa = XCBuildConfiguration;
			buildSettings = {
				ALWAYS_SEARCH_USER_PATHS = NO;
				CLANG_ANALYZER_NONNULL = YES;
				CLANG_ANALYZER_NUMBER_OBJECT_CONVERSION = YES_AGGRESSIVE;
				CLANG_CXX_LANGUAGE_STANDARD = "gnu++14";
				CLANG_CXX_LIBRARY = "libc++";
				CLANG_ENABLE_MODULES = YES;
				CLANG_ENABLE_OBJC_ARC = YES;
				CLANG_ENABLE_OBJC_WEAK = YES;
				CLANG_WARN_BLOCK_CAPTURE_AUTORELEASING = YES;
				CLANG_WARN_BOOL_CONVERSION = YES;
				CLANG_WARN_COMMA = YES;
				CLANG_WARN_CONSTANT_CONVERSION = YES;
				CLANG_WARN_DEPRECATED_OBJC_IMPLEMENTATIONS = YES;
				CLANG_WARN_DIRECT_OBJC_ISA_USAGE = YES_ERROR;
				CLANG_WARN_DOCUMENTATION_COMMENTS = YES;
				CLANG_WARN_EMPTY_BODY = YES;
				CLANG_WARN_ENUM_CONVERSION = YES;
				CLANG_WARN_INFINITE_RECURSION = YES;
				CLANG_WARN_INT_CONVERSION = YES;
				CLANG_WARN_NON_LITERAL_NULL_CONVERSION = YES;
				CLANG_WARN_OBJC_IMPLICIT_RETAIN_SELF = YES;
				CLANG_WARN_OBJC_LITERAL_CONVERSION = YES;
				CLANG_WARN_OBJC_ROOT_CLASS = YES_ERROR;
				CLANG_WARN_RANGE_LOOP_ANALYSIS = YES;
				CLANG_WARN_STRICT_PROTOTYPES = YES;
				CLANG_WARN_SUSPICIOUS_MOVE = YES;
				CLANG_WARN_UNGUARDED_AVAILABILITY = YES_AGGRESSIVE;
				CLANG_WARN_UNREACHABLE_CODE = YES;
				CLANG_WARN__DUPLICATE_METHOD_MATCH = YES;
				CODE_SIGN_IDENTITY = "iPhone Developer";
				COPY_PHASE_STRIP = NO;
				DEBUG_INFORMATION_FORMAT = "dwarf-with-dsym";
				ENABLE_NS_ASSERTIONS = NO;
				ENABLE_STRICT_OBJC_MSGSEND = YES;
				GCC_C_LANGUAGE_STANDARD = gnu11;
				GCC_NO_COMMON_BLOCKS = YES;
				GCC_WARN_64_TO_32_BIT_CONVERSION = YES;
				GCC_WARN_ABOUT_RETURN_TYPE = YES_ERROR;
				GCC_WARN_UNDECLARED_SELECTOR = YES;
				GCC_WARN_UNINITIALIZED_AUTOS = YES_AGGRESSIVE;
				GCC_WARN_UNUSED_FUNCTION = YES;
				GCC_WARN_UNUSED_VARIABLE = YES;
				IPHONEOS_DEPLOYMENT_TARGET = 11.4;
				MTL_ENABLE_DEBUG_INFO = NO;
				SDKROOT = iphoneos;
				SWIFT_COMPILATION_MODE = wholemodule;
				SWIFT_OPTIMIZATION_LEVEL = "-O";
				VALIDATE_PRODUCT = YES;
			};
			name = Release;
		};
		7F7D1BCB210F4ABF00244EB7 /* Debug */ = {
			isa = XCBuildConfiguration;
			buildSettings = {
				ASSETCATALOG_COMPILER_APPICON_NAME = AppIcon;
				CODE_SIGN_STYLE = Automatic;
				DEVELOPMENT_TEAM = T9X6LHATKN;
				INFOPLIST_FILE = SampleDesignPatterns/Info.plist;
				LD_RUNPATH_SEARCH_PATHS = (
					"$(inherited)",
					"@executable_path/Frameworks",
				);
				PRODUCT_BUNDLE_IDENTIFIER = com.santhosh.SampleDesignPatterns;
				PRODUCT_NAME = "$(TARGET_NAME)";
				SWIFT_VERSION = 4.0;
				TARGETED_DEVICE_FAMILY = "1,2";
			};
			name = Debug;
		};
		7F7D1BCC210F4ABF00244EB7 /* Release */ = {
			isa = XCBuildConfiguration;
			buildSettings = {
				ASSETCATALOG_COMPILER_APPICON_NAME = AppIcon;
				CODE_SIGN_STYLE = Automatic;
				DEVELOPMENT_TEAM = T9X6LHATKN;
				INFOPLIST_FILE = SampleDesignPatterns/Info.plist;
				LD_RUNPATH_SEARCH_PATHS = (
					"$(inherited)",
					"@executable_path/Frameworks",
				);
				PRODUCT_BUNDLE_IDENTIFIER = com.santhosh.SampleDesignPatterns;
				PRODUCT_NAME = "$(TARGET_NAME)";
				SWIFT_VERSION = 4.0;
				TARGETED_DEVICE_FAMILY = "1,2";
			};
			name = Release;
		};
		7F7D1BCE210F4ABF00244EB7 /* Debug */ = {
			isa = XCBuildConfiguration;
			buildSettings = {
				ALWAYS_EMBED_SWIFT_STANDARD_LIBRARIES = YES;
				BUNDLE_LOADER = "$(TEST_HOST)";
				CODE_SIGN_STYLE = Automatic;
				DEVELOPMENT_TEAM = T9X6LHATKN;
				INFOPLIST_FILE = SampleDesignPatternsTests/Info.plist;
				LD_RUNPATH_SEARCH_PATHS = (
					"$(inherited)",
					"@executable_path/Frameworks",
					"@loader_path/Frameworks",
				);
				PRODUCT_BUNDLE_IDENTIFIER = com.santhosh.SampleDesignPatternsTests;
				PRODUCT_NAME = "$(TARGET_NAME)";
				SWIFT_VERSION = 4.0;
				TARGETED_DEVICE_FAMILY = "1,2";
				TEST_HOST = "$(BUILT_PRODUCTS_DIR)/SampleDesignPatterns.app/SampleDesignPatterns";
			};
			name = Debug;
		};
		7F7D1BCF210F4ABF00244EB7 /* Release */ = {
			isa = XCBuildConfiguration;
			buildSettings = {
				ALWAYS_EMBED_SWIFT_STANDARD_LIBRARIES = YES;
				BUNDLE_LOADER = "$(TEST_HOST)";
				CODE_SIGN_STYLE = Automatic;
				DEVELOPMENT_TEAM = T9X6LHATKN;
				INFOPLIST_FILE = SampleDesignPatternsTests/Info.plist;
				LD_RUNPATH_SEARCH_PATHS = (
					"$(inherited)",
					"@executable_path/Frameworks",
					"@loader_path/Frameworks",
				);
				PRODUCT_BUNDLE_IDENTIFIER = com.santhosh.SampleDesignPatternsTests;
				PRODUCT_NAME = "$(TARGET_NAME)";
				SWIFT_VERSION = 4.0;
				TARGETED_DEVICE_FAMILY = "1,2";
				TEST_HOST = "$(BUILT_PRODUCTS_DIR)/SampleDesignPatterns.app/SampleDesignPatterns";
			};
			name = Release;
		};
		7F7D1BD1210F4ABF00244EB7 /* Debug */ = {
			isa = XCBuildConfiguration;
			buildSettings = {
				ALWAYS_EMBED_SWIFT_STANDARD_LIBRARIES = YES;
				CODE_SIGN_STYLE = Automatic;
				DEVELOPMENT_TEAM = T9X6LHATKN;
				INFOPLIST_FILE = SampleDesignPatternsUITests/Info.plist;
				LD_RUNPATH_SEARCH_PATHS = (
					"$(inherited)",
					"@executable_path/Frameworks",
					"@loader_path/Frameworks",
				);
				PRODUCT_BUNDLE_IDENTIFIER = com.santhosh.SampleDesignPatternsUITests;
				PRODUCT_NAME = "$(TARGET_NAME)";
				SWIFT_VERSION = 4.0;
				TARGETED_DEVICE_FAMILY = "1,2";
				TEST_TARGET_NAME = SampleDesignPatterns;
			};
			name = Debug;
		};
		7F7D1BD2210F4ABF00244EB7 /* Release */ = {
			isa = XCBuildConfiguration;
			buildSettings = {
				ALWAYS_EMBED_SWIFT_STANDARD_LIBRARIES = YES;
				CODE_SIGN_STYLE = Automatic;
				DEVELOPMENT_TEAM = T9X6LHATKN;
				INFOPLIST_FILE = SampleDesignPatternsUITests/Info.plist;
				LD_RUNPATH_SEARCH_PATHS = (
					"$(inherited)",
					"@executable_path/Frameworks",
					"@loader_path/Frameworks",
				);
				PRODUCT_BUNDLE_IDENTIFIER = com.santhosh.SampleDesignPatternsUITests;
				PRODUCT_NAME = "$(TARGET_NAME)";
				SWIFT_VERSION = 4.0;
				TARGETED_DEVICE_FAMILY = "1,2";
				TEST_TARGET_NAME = SampleDesignPatterns;
			};
			name = Release;
		};
/* End XCBuildConfiguration section */

/* Begin XCConfigurationList section */
		7F7D1B9D210F4ABD00244EB7 /* Build configuration list for PBXProject "SampleDesignPatterns" */ = {
			isa = XCConfigurationList;
			buildConfigurations = (
				7F7D1BC8210F4ABF00244EB7 /* Debug */,
				7F7D1BC9210F4ABF00244EB7 /* Release */,
			);
			defaultConfigurationIsVisible = 0;
			defaultConfigurationName = Release;
		};
		7F7D1BCA210F4ABF00244EB7 /* Build configuration list for PBXNativeTarget "SampleDesignPatterns" */ = {
			isa = XCConfigurationList;
			buildConfigurations = (
				7F7D1BCB210F4ABF00244EB7 /* Debug */,
				7F7D1BCC210F4ABF00244EB7 /* Release */,
			);
			defaultConfigurationIsVisible = 0;
			defaultConfigurationName = Release;
		};
		7F7D1BCD210F4ABF00244EB7 /* Build configuration list for PBXNativeTarget "SampleDesignPatternsTests" */ = {
			isa = XCConfigurationList;
			buildConfigurations = (
				7F7D1BCE210F4ABF00244EB7 /* Debug */,
				7F7D1BCF210F4ABF00244EB7 /* Release */,
			);
			defaultConfigurationIsVisible = 0;
			defaultConfigurationName = Release;
		};
		7F7D1BD0210F4ABF00244EB7 /* Build configuration list for PBXNativeTarget "SampleDesignPatternsUITests" */ = {
			isa = XCConfigurationList;
			buildConfigurations = (
				7F7D1BD1210F4ABF00244EB7 /* Debug */,
				7F7D1BD2210F4ABF00244EB7 /* Release */,
			);
			defaultConfigurationIsVisible = 0;
			defaultConfigurationName = Release;
		};
/* End XCConfigurationList section */
	};
	rootObject = 7F7D1B9A210F4ABD00244EB7 /* Project object */;
}
